
Microsoft Visual Studio Solution File, Format Version 12.00
# Visual Studio 15
VisualStudioVersion = 15.0.28307.1209
MinimumVisualStudioVersion = 10.0.40219.1
Project("{8BC9CEB8-8B4A-11D0-8D11-00A0C91BC942}") = "구구", "구구.vcxproj", "{B05EA571-4026-42AE-924D-3216CF967B4A}"
EndProject
Project("{8BC9CEB8-8B4A-11D0-8D11-00A0C91BC942}") = "C3No1", "..\Project2\Project2.vcxproj", "{E9CC3219-9ABC-4F32-8D14-0CCEB6DED618}"
EndProject
Project("{8BC9CEB8-8B4A-11D0-8D11-00A0C91BC942}") = "C3No2", "C3No2\C3No2.vcxproj", "{EA309D6A-49EE-45E6-969F-D9F9743F14B2}"
EndProject
Project("{8BC9CEB8-8B4A-11D0-8D11-00A0C91BC942}") = "Project3", "..\Project3\Project3.vcxproj", "{465D7391-2BC9-4C5E-9DFB-9CD9F6BD3BC3}"
EndProject
Project("{8BC9CEB8-8B4A-11D0-8D11-00A0C91BC942}") = "C3No3", "C3No3\C3No3.vcxproj", "{DEFE6072-A257-44A1-B8A4-80443D87BC6C}"
EndProject
Project("{8BC9CEB8-8B4A-11D0-8D11-00A0C91BC942}") = "C3No4", "C3No4\C3No4.vcxproj", "{46BB1B1A-FDC6-431D-9FEF-FF92A088CBF8}"
EndProject
Project("{8BC9CEB8-8B4A-11D0-8D11-00A0C91BC942}") = "c4No1", "c4No1\c4No1.vcxproj", "{8AE5B1AD-9335-48B6-801F-5B9D62505486}"
EndProject
Project("{8BC9CEB8-8B4A-11D0-8D11-00A0C91BC942}") = "C4No2", "C4No2\C4No2.vcxproj", "{0680EA60-1E77-455C-AE56-889EF538B74F}"
EndProject
Project("{8BC9CEB8-8B4A-11D0-8D11-00A0C91BC942}") = "C5No1", "..\C5No1\C5No1.vcxproj", "{1BE2C14D-79EC-4956-AB98-42D45F2BFB58}"
EndProject
Project("{8BC9CEB8-8B4A-11D0-8D11-00A0C91BC942}") = "C5No2", "..\C5No2\C5No2.vcxproj", "{B7C5C316-DC22-41AD-9F20-0AB732843D5B}"
EndProject
Project("{8BC9CEB8-8B4A-11D0-8D11-00A0C91BC942}") = "C6No1", "..\C6No1\C6No1.vcxproj", "{6305BBCD-86F1-4E0D-BDD4-18BCCA198D7E}"
EndProject
Project("{8BC9CEB8-8B4A-11D0-8D11-00A0C91BC942}") = "LastGugu", "..\LastGugu\LastGugu.vcxproj", "{C57D06F4-CA9E-4B1D-A285-5B94CE66F182}"
EndProject
Global
	GlobalSection(SolutionConfigurationPlatforms) = preSolution
		Debug|x64 = Debug|x64
		Debug|x86 = Debug|x86
		Release|x64 = Release|x64
		Release|x86 = Release|x86
	EndGlobalSection
	GlobalSection(ProjectConfigurationPlatforms) = postSolution
		{B05EA571-4026-42AE-924D-3216CF967B4A}.Debug|x64.ActiveCfg = Debug|x64
		{B05EA571-4026-42AE-924D-3216CF967B4A}.Debug|x64.Build.0 = Debug|x64
		{B05EA571-4026-42AE-924D-3216CF967B4A}.Debug|x86.ActiveCfg = Debug|Win32
		{B05EA571-4026-42AE-924D-3216CF967B4A}.Debug|x86.Build.0 = Debug|Win32
		{B05EA571-4026-42AE-924D-3216CF967B4A}.Release|x64.ActiveCfg = Release|x64
		{B05EA571-4026-42AE-924D-3216CF967B4A}.Release|x64.Build.0 = Release|x64
		{B05EA571-4026-42AE-924D-3216CF967B4A}.Release|x86.ActiveCfg = Release|Win32
		{B05EA571-4026-42AE-924D-3216CF967B4A}.Release|x86.Build.0 = Release|Win32
		{E9CC3219-9ABC-4F32-8D14-0CCEB6DED618}.Debug|x64.ActiveCfg = Debug|x64
		{E9CC3219-9ABC-4F32-8D14-0CCEB6DED618}.Debug|x64.Build.0 = Debug|x64
		{E9CC3219-9ABC-4F32-8D14-0CCEB6DED618}.Debug|x86.ActiveCfg = Debug|Win32
		{E9CC3219-9ABC-4F32-8D14-0CCEB6DED618}.Debug|x86.Build.0 = Debug|Win32
		{E9CC3219-9ABC-4F32-8D14-0CCEB6DED618}.Release|x64.ActiveCfg = Release|x64
		{E9CC3219-9ABC-4F32-8D14-0CCEB6DED618}.Release|x64.Build.0 = Release|x64
		{E9CC3219-9ABC-4F32-8D14-0CCEB6DED618}.Release|x86.ActiveCfg = Release|Win32
		{E9CC3219-9ABC-4F32-8D14-0CCEB6DED618}.Release|x86.Build.0 = Release|Win32
		{EA309D6A-49EE-45E6-969F-D9F9743F14B2}.Debug|x64.ActiveCfg = Debug|x64
		{EA309D6A-49EE-45E6-969F-D9F9743F14B2}.Debug|x64.Build.0 = Debug|x64
		{EA309D6A-49EE-45E6-969F-D9F9743F14B2}.Debug|x86.ActiveCfg = Debug|Win32
		{EA309D6A-49EE-45E6-969F-D9F9743F14B2}.Debug|x86.Build.0 = Debug|Win32
		{EA309D6A-49EE-45E6-969F-D9F9743F14B2}.Release|x64.ActiveCfg = Release|x64
		{EA309D6A-49EE-45E6-969F-D9F9743F14B2}.Release|x64.Build.0 = Release|x64
		{EA309D6A-49EE-45E6-969F-D9F9743F14B2}.Release|x86.ActiveCfg = Release|Win32
		{EA309D6A-49EE-45E6-969F-D9F9743F14B2}.Release|x86.Build.0 = Release|Win32
		{465D7391-2BC9-4C5E-9DFB-9CD9F6BD3BC3}.Debug|x64.ActiveCfg = Debug|x64
		{465D7391-2BC9-4C5E-9DFB-9CD9F6BD3BC3}.Debug|x64.Build.0 = Debug|x64
		{465D7391-2BC9-4C5E-9DFB-9CD9F6BD3BC3}.Debug|x86.ActiveCfg = Debug|Win32
		{465D7391-2BC9-4C5E-9DFB-9CD9F6BD3BC3}.Debug|x86.Build.0 = Debug|Win32
		{465D7391-2BC9-4C5E-9DFB-9CD9F6BD3BC3}.Release|x64.ActiveCfg = Release|x64
		{465D7391-2BC9-4C5E-9DFB-9CD9F6BD3BC3}.Release|x64.Build.0 = Release|x64
		{465D7391-2BC9-4C5E-9DFB-9CD9F6BD3BC3}.Release|x86.ActiveCfg = Release|Win32
		{465D7391-2BC9-4C5E-9DFB-9CD9F6BD3BC3}.Release|x86.Build.0 = Release|Win32
		{DEFE6072-A257-44A1-B8A4-80443D87BC6C}.Debug|x64.ActiveCfg = Debug|x64
		{DEFE6072-A257-44A1-B8A4-80443D87BC6C}.Debug|x64.Build.0 = Debug|x64
		{DEFE6072-A257-44A1-B8A4-80443D87BC6C}.Debug|x86.ActiveCfg = Debug|Win32
		{DEFE6072-A257-44A1-B8A4-80443D87BC6C}.Debug|x86.Build.0 = Debug|Win32
		{DEFE6072-A257-44A1-B8A4-80443D87BC6C}.Release|x64.ActiveCfg = Release|x64
		{DEFE6072-A257-44A1-B8A4-80443D87BC6C}.Release|x64.Build.0 = Release|x64
		{DEFE6072-A257-44A1-B8A4-80443D87BC6C}.Release|x86.ActiveCfg = Release|Win32
		{DEFE6072-A257-44A1-B8A4-80443D87BC6C}.Release|x86.Build.0 = Release|Win32
		{46BB1B1A-FDC6-431D-9FEF-FF92A088CBF8}.Debug|x64.ActiveCfg = Debug|x64
		{46BB1B1A-FDC6-431D-9FEF-FF92A088CBF8}.Debug|x64.Build.0 = Debug|x64
		{46BB1B1A-FDC6-431D-9FEF-FF92A088CBF8}.Debug|x86.ActiveCfg = Debug|Win32
		{46BB1B1A-FDC6-431D-9FEF-FF92A088CBF8}.Debug|x86.Build.0 = Debug|Win32
		{46BB1B1A-FDC6-431D-9FEF-FF92A088CBF8}.Release|x64.ActiveCfg = Release|x64
		{46BB1B1A-FDC6-431D-9FEF-FF92A088CBF8}.Release|x64.Build.0 = Release|x64
		{46BB1B1A-FDC6-431D-9FEF-FF92A088CBF8}.Release|x86.ActiveCfg = Release|Win32
		{46BB1B1A-FDC6-431D-9FEF-FF92A088CBF8}.Release|x86.Build.0 = Release|Win32
		{8AE5B1AD-9335-48B6-801F-5B9D62505486}.Debug|x64.ActiveCfg = Debug|x64
		{8AE5B1AD-9335-48B6-801F-5B9D62505486}.Debug|x64.Build.0 = Debug|x64
		{8AE5B1AD-9335-48B6-801F-5B9D62505486}.Debug|x86.ActiveCfg = Debug|Win32
		{8AE5B1AD-9335-48B6-801F-5B9D62505486}.Debug|x86.Build.0 = Debug|Win32
		{8AE5B1AD-9335-48B6-801F-5B9D62505486}.Release|x64.ActiveCfg = Release|x64
		{8AE5B1AD-9335-48B6-801F-5B9D62505486}.Release|x64.Build.0 = Release|x64
		{8AE5B1AD-9335-48B6-801F-5B9D62505486}.Release|x86.ActiveCfg = Release|Win32
		{8AE5B1AD-9335-48B6-801F-5B9D62505486}.Release|x86.Build.0 = Release|Win32
		{0680EA60-1E77-455C-AE56-889EF538B74F}.Debug|x64.ActiveCfg = Debug|x64
		{0680EA60-1E77-455C-AE56-889EF538B74F}.Debug|x64.Build.0 = Debug|x64
		{0680EA60-1E77-455C-AE56-889EF538B74F}.Debug|x86.ActiveCfg = Debug|Win32
		{0680EA60-1E77-455C-AE56-889EF538B74F}.Debug|x86.Build.0 = Debug|Win32
		{0680EA60-1E77-455C-AE56-889EF538B74F}.Release|x64.ActiveCfg = Release|x64
		{0680EA60-1E77-455C-AE56-889EF538B74F}.Release|x64.Build.0 = Release|x64
		{0680EA60-1E77-455C-AE56-889EF538B74F}.Release|x86.ActiveCfg = Release|Win32
		{0680EA60-1E77-455C-AE56-889EF538B74F}.Release|x86.Build.0 = Release|Win32
		{1BE2C14D-79EC-4956-AB98-42D45F2BFB58}.Debug|x64.ActiveCfg = Debug|x64
		{1BE2C14D-79EC-4956-AB98-42D45F2BFB58}.Debug|x64.Build.0 = Debug|x64
		{1BE2C14D-79EC-4956-AB98-42D45F2BFB58}.Debug|x86.ActiveCfg = Debug|Win32
		{1BE2C14D-79EC-4956-AB98-42D45F2BFB58}.Debug|x86.Build.0 = Debug|Win32
		{1BE2C14D-79EC-4956-AB98-42D45F2BFB58}.Release|x64.ActiveCfg = Release|x64
		{1BE2C14D-79EC-4956-AB98-42D45F2BFB58}.Release|x64.Build.0 = Release|x64
		{1BE2C14D-79EC-4956-AB98-42D45F2BFB58}.Release|x86.ActiveCfg = Release|Win32
		{1BE2C14D-79EC-4956-AB98-42D45F2BFB58}.Release|x86.Build.0 = Release|Win32
		{B7C5C316-DC22-41AD-9F20-0AB732843D5B}.Debug|x64.ActiveCfg = Debug|x64
		{B7C5C316-DC22-41AD-9F20-0AB732843D5B}.Debug|x64.Build.0 = Debug|x64
		{B7C5C316-DC22-41AD-9F20-0AB732843D5B}.Debug|x86.ActiveCfg = Debug|Win32
		{B7C5C316-DC22-41AD-9F20-0AB732843D5B}.Debug|x86.Build.0 = Debug|Win32
		{B7C5C316-DC22-41AD-9F20-0AB732843D5B}.Release|x64.ActiveCfg = Release|x64
		{B7C5C316-DC22-41AD-9F20-0AB732843D5B}.Release|x64.Build.0 = Release|x64
		{B7C5C316-DC22-41AD-9F20-0AB732843D5B}.Release|x86.ActiveCfg = Release|Win32
		{B7C5C316-DC22-41AD-9F20-0AB732843D5B}.Release|x86.Build.0 = Release|Win32
		{6305BBCD-86F1-4E0D-BDD4-18BCCA198D7E}.Debug|x64.ActiveCfg = Debug|x64
		{6305BBCD-86F1-4E0D-BDD4-18BCCA198D7E}.Debug|x64.Build.0 = Debug|x64
		{6305BBCD-86F1-4E0D-BDD4-18BCCA198D7E}.Debug|x86.ActiveCfg = Debug|Win32
		{6305BBCD-86F1-4E0D-BDD4-18BCCA198D7E}.Debug|x86.Build.0 = Debug|Win32
		{6305BBCD-86F1-4E0D-BDD4-18BCCA198D7E}.Release|x64.ActiveCfg = Release|x64
		{6305BBCD-86F1-4E0D-BDD4-18BCCA198D7E}.Release|x64.Build.0 = Release|x64
		{6305BBCD-86F1-4E0D-BDD4-18BCCA198D7E}.Release|x86.ActiveCfg = Release|Win32
		{6305BBCD-86F1-4E0D-BDD4-18BCCA198D7E}.Release|x86.Build.0 = Release|Win32
		{C57D06F4-CA9E-4B1D-A285-5B94CE66F182}.Debug|x64.ActiveCfg = Debug|x64
		{C57D06F4-CA9E-4B1D-A285-5B94CE66F182}.Debug|x64.Build.0 = Debug|x64
		{C57D06F4-CA9E-4B1D-A285-5B94CE66F182}.Debug|x86.ActiveCfg = Debug|Win32
		{C57D06F4-CA9E-4B1D-A285-5B94CE66F182}.Debug|x86.Build.0 = Debug|Win32
		{C57D06F4-CA9E-4B1D-A285-5B94CE66F182}.Release|x64.ActiveCfg = Release|x64
		{C57D06F4-CA9E-4B1D-A285-5B94CE66F182}.Release|x64.Build.0 = Release|x64
		{C57D06F4-CA9E-4B1D-A285-5B94CE66F182}.Release|x86.ActiveCfg = Release|Win32
		{C57D06F4-CA9E-4B1D-A285-5B94CE66F182}.Release|x86.Build.0 = Release|Win32
	EndGlobalSection
	GlobalSection(SolutionProperties) = preSolution
		HideSolutionNode = FALSE
	EndGlobalSection
	GlobalSection(ExtensibilityGlobals) = postSolution
		SolutionGuid = {59F94C59-D86C-4CC9-9CEC-B7CED268595D}
	EndGlobalSection
EndGlobal
